
Microsoft Visual Studio Solution File, Format Version 12.00
# Visual Studio 2013
Project("{FAE04EC0-301F-11D3-BF4B-00C04F79EFBC}") = "UnityVS.Dream Hero.CSharp", "UnityVS.Dream Hero.CSharp.csproj", "{C1C8B32C-5979-5D84-D87B-8CF140D7D273}"
EndProject
Project("{FAE04EC0-301F-11D3-BF4B-00C04F79EFBC}") = "UnityVS.Dream Hero.CSharp.Editor", "UnityVS.Dream Hero.CSharp.Editor.csproj", "{1A1F68D4-980A-06A0-9E01-DA27CFA22475}"
EndProject
Global
	GlobalSection(SolutionConfigurationPlatforms) = preSolution
		Debug|Any CPU = Debug|Any CPU
		Release|Any CPU = Release|Any CPU
	EndGlobalSection
	GlobalSection(ProjectConfigurationPlatforms) = postSolution
		{C1C8B32C-5979-5D84-D87B-8CF140D7D273}.Debug|Any CPU.ActiveCfg = Debug|Any CPU
		{C1C8B32C-5979-5D84-D87B-8CF140D7D273}.Debug|Any CPU.Build.0 = Debug|Any CPU
		{C1C8B32C-5979-5D84-D87B-8CF140D7D273}.Release|Any CPU.ActiveCfg = Release|Any CPU
		{C1C8B32C-5979-5D84-D87B-8CF140D7D273}.Release|Any CPU.Build.0 = Release|Any CPU
		{1A1F68D4-980A-06A0-9E01-DA27CFA22475}.Debug|Any CPU.ActiveCfg = Debug|Any CPU
		{1A1F68D4-980A-06A0-9E01-DA27CFA22475}.Debug|Any CPU.Build.0 = Debug|Any CPU
		{1A1F68D4-980A-06A0-9E01-DA27CFA22475}.Release|Any CPU.ActiveCfg = Release|Any CPU
		{1A1F68D4-980A-06A0-9E01-DA27CFA22475}.Release|Any CPU.Build.0 = Release|Any CPU
	EndGlobalSection
	GlobalSection(SolutionProperties) = preSolution
		HideSolutionNode = FALSE
	EndGlobalSection
EndGlobal
