
Microsoft Visual Studio Solution File, Format Version 12.00
# Visual Studio 2013
Project("{FAE04EC0-301F-11D3-BF4B-00C04F79EFBC}") = "UnityVS.Dream Heros.CSharp", "UnityVS.Dream Heros.CSharp.csproj", "{9A73D2F1-D493-82A9-1940-9BA548A45AB9}"
EndProject
Project("{FAE04EC0-301F-11D3-BF4B-00C04F79EFBC}") = "UnityVS.Dream Heros.CSharp.Editor", "UnityVS.Dream Heros.CSharp.Editor.csproj", "{26D939C9-1025-9E7A-88C1-5B4815C3A619}"
EndProject
Global
	GlobalSection(SolutionConfigurationPlatforms) = preSolution
		Debug|Any CPU = Debug|Any CPU
		Release|Any CPU = Release|Any CPU
	EndGlobalSection
	GlobalSection(ProjectConfigurationPlatforms) = postSolution
		{9A73D2F1-D493-82A9-1940-9BA548A45AB9}.Debug|Any CPU.ActiveCfg = Debug|Any CPU
		{9A73D2F1-D493-82A9-1940-9BA548A45AB9}.Debug|Any CPU.Build.0 = Debug|Any CPU
		{9A73D2F1-D493-82A9-1940-9BA548A45AB9}.Release|Any CPU.ActiveCfg = Release|Any CPU
		{9A73D2F1-D493-82A9-1940-9BA548A45AB9}.Release|Any CPU.Build.0 = Release|Any CPU
		{26D939C9-1025-9E7A-88C1-5B4815C3A619}.Debug|Any CPU.ActiveCfg = Debug|Any CPU
		{26D939C9-1025-9E7A-88C1-5B4815C3A619}.Debug|Any CPU.Build.0 = Debug|Any CPU
		{26D939C9-1025-9E7A-88C1-5B4815C3A619}.Release|Any CPU.ActiveCfg = Release|Any CPU
		{26D939C9-1025-9E7A-88C1-5B4815C3A619}.Release|Any CPU.Build.0 = Release|Any CPU
	EndGlobalSection
	GlobalSection(SolutionProperties) = preSolution
		HideSolutionNode = FALSE
	EndGlobalSection
EndGlobal
